<?xml version="1.0" encoding="utf-8"?>
<Project ToolsVersion="4.0" xmlns="http://schemas.microsoft.com/developer/msbuild/2003">
  <ItemGroup>
    <Filter Include="Source Files">
      <UniqueIdentifier>{4FC737F1-C7A5-4376-A066-2A32D752A2FF}</UniqueIdentifier>
      <Extensions>cpp;c;cc;cxx;def;odl;idl;hpj;bat;asm;asmx</Extensions>
    </Filter>
    <Filter Include="Header Files">
      <UniqueIdentifier>{93995380-89BD-4b04-88EB-625FBE52EBFB}</UniqueIdentifier>
      <Extensions>h;hh;hpp;hxx;hm;inl;inc;xsd</Extensions>
    </Filter>
    <Filter Include="Header Files\void_base">
      <UniqueIdentifier>{bbfb511a-2fa5-467c-a122-f474a06c0258}</UniqueIdentifier>
    </Filter>
    <Filter Include="Source Files\void_base">
      <UniqueIdentifier>{b1e74c49-2ae5-4830-b774-3e41fe8e1e1e}</UniqueIdentifier>
    </Filter>
    <Filter Include="Header Files\void_world">
      <UniqueIdentifier>{f11e9550-ac5d-496d-9c27-8a5da2dd541d}</UniqueIdentifier>
    </Filter>
    <Filter Include="Header Files\void_base\log">
      <UniqueIdentifier>{3ac1cd67-c5a7-4e4c-9208-85666ce9267d}</UniqueIdentifier>
    </Filter>
    <Filter Include="Source Files\void_base\log">
      <UniqueIdentifier>{7fe2b9c9-b273-4303-aaf5-e7fe65593aa0}</UniqueIdentifier>
    </Filter>
    <Filter Include="Header Files\void_base\screen">
      <UniqueIdentifier>{1488def8-ea3e-4cc7-892d-15f6a0492f53}</UniqueIdentifier>
    </Filter>
    <Filter Include="Header Files\void_base\screen\scene">
      <UniqueIdentifier>{06974238-4875-4064-a0f6-85c07485cb0a}</UniqueIdentifier>
    </Filter>
    <Filter Include="Header Files\void_base\screen\scene\2d">
      <UniqueIdentifier>{32b8fa74-bc53-4f63-8db1-dda90e206b18}</UniqueIdentifier>
    </Filter>
    <Filter Include="Header Files\void_base\screen\scene\3d">
      <UniqueIdentifier>{f0f05a62-2037-4ff6-9b00-57e972ae8983}</UniqueIdentifier>
    </Filter>
    <Filter Include="Source Files\void_base\screen">
      <UniqueIdentifier>{2b6fd04e-48f2-4be6-a02f-738d186003ed}</UniqueIdentifier>
    </Filter>
    <Filter Include="Source Files\void_base\render">
      <UniqueIdentifier>{4f737f1f-72da-4ca9-afb4-d21a67e1de30}</UniqueIdentifier>
    </Filter>
    <Filter Include="Source Files\void_game">
      <UniqueIdentifier>{b38fd9cd-ef66-4068-9df5-b89f5ea24ac1}</UniqueIdentifier>
    </Filter>
    <Filter Include="Header Files\void_base\debug">
      <UniqueIdentifier>{47a540a3-4b98-45b9-9e7a-2dd508b796b4}</UniqueIdentifier>
    </Filter>
    <Filter Include="Header Files\void_base\debug\fps">
      <UniqueIdentifier>{ac41342a-52b0-49ea-8bf1-3fa788e43c49}</UniqueIdentifier>
    </Filter>
    <Filter Include="Header Files\void_base\define">
      <UniqueIdentifier>{68a0dc26-f10f-4f46-95ef-826c90b287f5}</UniqueIdentifier>
    </Filter>
    <Filter Include="Source Files\void_base\debug">
      <UniqueIdentifier>{88f8b212-6815-4fd0-8d27-0cfe8fd8a1d3}</UniqueIdentifier>
    </Filter>
    <Filter Include="Source Files\void_base\debug\fps">
      <UniqueIdentifier>{5d9f541e-5750-4c8a-a231-bfce09434c73}</UniqueIdentifier>
    </Filter>
    <Filter Include="Header Files\void_base\helper">
      <UniqueIdentifier>{acf480c0-879a-4dc0-a200-8ba8b45d78eb}</UniqueIdentifier>
    </Filter>
    <Filter Include="Source Files\void_base\helper">
      <UniqueIdentifier>{46a1ed61-16e6-466b-b2d8-c12e88201c3f}</UniqueIdentifier>
    </Filter>
    <Filter Include="Header Files\void_base\render">
      <UniqueIdentifier>{810c4d42-0ee5-4632-aac0-39323780e3fc}</UniqueIdentifier>
    </Filter>
    <Filter Include="Header Files\void_world\level">
      <UniqueIdentifier>{cba07f01-64e8-4932-91f6-1f5a915a8286}</UniqueIdentifier>
    </Filter>
    <Filter Include="Source Files\void_game\level">
      <UniqueIdentifier>{55fc6c41-2e9d-4f62-8d7a-9483eee224c5}</UniqueIdentifier>
    </Filter>
    <Filter Include="Source Files\void_game\level\lesson_1">
      <UniqueIdentifier>{0de17d3a-3421-49e0-a253-af3699bca535}</UniqueIdentifier>
    </Filter>
    <Filter Include="Header Files\void_world\level\lesson_1">
      <UniqueIdentifier>{41afe6c5-a3b4-49b6-8d72-d52a7bb08749}</UniqueIdentifier>
    </Filter>
    <Filter Include="Header Files\void_base\event">
      <UniqueIdentifier>{0c5e5ced-5056-4a63-9c0e-c315316611e7}</UniqueIdentifier>
    </Filter>
    <Filter Include="Source Files\void_base\event">
      <UniqueIdentifier>{59a16584-65ac-47a9-a743-936174c74ce8}</UniqueIdentifier>
    </Filter>
    <Filter Include="Header Files\void_base\math">
      <UniqueIdentifier>{eb93bfab-f3ba-4250-923f-85c63a08a9b1}</UniqueIdentifier>
    </Filter>
    <Filter Include="Source Files\void_base\math">
      <UniqueIdentifier>{6b6051b0-1e12-4414-86ae-7d77847cbdbb}</UniqueIdentifier>
    </Filter>
    <Filter Include="Header Files\third_party">
      <UniqueIdentifier>{83c1aad3-337a-4df8-bb11-908cc3ecc5a1}</UniqueIdentifier>
    </Filter>
    <Filter Include="Header Files\third_party\gl">
      <UniqueIdentifier>{ed34a3f8-c226-42bb-8918-238d22f98063}</UniqueIdentifier>
    </Filter>
    <Filter Include="Source Files\void_game\level\lesson_2">
      <UniqueIdentifier>{a4928634-d914-44a4-92ac-ed5c1cac6059}</UniqueIdentifier>
    </Filter>
    <Filter Include="Header Files\void_world\level\lesson_2">
      <UniqueIdentifier>{5f124555-7a0c-4431-926a-daed48b0d57b}</UniqueIdentifier>
    </Filter>
  </ItemGroup>
  <ItemGroup>
    <ClCompile Include="..\..\source\void_base\game.cc">
      <Filter>Source Files\void_base</Filter>
    </ClCompile>
    <ClCompile Include="..\..\source\main.cc">
      <Filter>Source Files</Filter>
    </ClCompile>
    <ClCompile Include="..\..\source\void_base\log\log.cc">
      <Filter>Source Files\void_base\log</Filter>
    </ClCompile>
    <ClCompile Include="..\..\source\void_base\screen\screen_manager.cc">
      <Filter>Source Files\void_base\screen</Filter>
    </ClCompile>
    <ClCompile Include="..\..\source\void_base\render\render.cc">
      <Filter>Source Files\void_base\render</Filter>
    </ClCompile>
    <ClCompile Include="..\..\source\void_world\void_game.cc">
      <Filter>Source Files\void_game</Filter>
    </ClCompile>
    <ClCompile Include="..\..\source\void_base\debug\fps\fps_counter.cc">
      <Filter>Source Files\void_base\debug\fps</Filter>
    </ClCompile>
    <ClCompile Include="..\..\source\void_base\helper\system_helper.cc">
      <Filter>Source Files\void_base\helper</Filter>
    </ClCompile>
    <ClCompile Include="..\..\source\void_base\screen\screen.cc">
      <Filter>Source Files\void_base\screen</Filter>
    </ClCompile>
    <ClCompile Include="..\..\source\void_world\void_screen_manager.cc">
      <Filter>Source Files\void_game</Filter>
    </ClCompile>
    <ClCompile Include="..\..\source\void_world\level\lesson_1\lesson_1_screen.cc">
      <Filter>Source Files\void_game\level\lesson_1</Filter>
    </ClCompile>
    <ClCompile Include="..\..\source\void_base\event\event_manager.cc">
      <Filter>Source Files\void_base\event</Filter>
    </ClCompile>
    <ClCompile Include="..\..\source\void_base\math\vector.cc">
      <Filter>Source Files\void_base\math</Filter>
    </ClCompile>
    <ClCompile Include="..\..\source\void_world\level\lesson_2\lesson_2_screen.cc">
      <Filter>Source Files\void_game\level\lesson_2</Filter>
    </ClCompile>
  </ItemGroup>
  <ItemGroup>
    <ClInclude Include="..\..\source\void_base\game.h">
      <Filter>Header Files\void_base</Filter>
    </ClInclude>
    <ClInclude Include="..\..\source\void_world\void_game.h">
      <Filter>Header Files\void_world</Filter>
    </ClInclude>
    <ClInclude Include="resource.h">
      <Filter>Header Files</Filter>
    </ClInclude>
    <ClInclude Include="..\..\source\void_base\log\log.h">
      <Filter>Header Files\void_base\log</Filter>
    </ClInclude>
    <ClInclude Include="..\..\source\void_base\screen\screen.h">
      <Filter>Header Files\void_base\screen</Filter>
    </ClInclude>
    <ClInclude Include="..\..\source\void_base\screen\screen_mananager.h">
      <Filter>Header Files\void_base\screen</Filter>
    </ClInclude>
    <ClInclude Include="..\..\source\void_world\void_screen_manager.h">
      <Filter>Header Files\void_world</Filter>
    </ClInclude>
    <ClInclude Include="..\..\source\void_base\opengl.h">
      <Filter>Header Files\void_base</Filter>
    </ClInclude>
    <ClInclude Include="..\..\source\void_base\debug\fps\fps_counter.h">
      <Filter>Header Files\void_base\debug\fps</Filter>
    </ClInclude>
    <ClInclude Include="..\..\source\void_base\define\system_define.h">
      <Filter>Header Files\void_base\define</Filter>
    </ClInclude>
    <ClInclude Include="..\..\source\void_base\helper\system_helper.h">
      <Filter>Header Files\void_base\helper</Filter>
    </ClInclude>
    <ClInclude Include="..\..\source\void_base\render\render.h">
      <Filter>Header Files\void_base\render</Filter>
    </ClInclude>
    <ClInclude Include="..\..\source\void_world\level\lesson_1\lesson_1_screen.h">
      <Filter>Header Files\void_world\level\lesson_1</Filter>
    </ClInclude>
    <ClInclude Include="..\..\source\void_base\event\event_manager.h">
      <Filter>Header Files\void_base\event</Filter>
    </ClInclude>
    <ClInclude Include="..\..\source\third_party\gl\glew.h">
      <Filter>Header Files\third_party\gl</Filter>
    </ClInclude>
    <ClInclude Include="..\..\source\third_party\gl\glxew.h">
      <Filter>Header Files\third_party\gl</Filter>
    </ClInclude>
    <ClInclude Include="..\..\source\third_party\gl\wglew.h">
      <Filter>Header Files\third_party\gl</Filter>
    </ClInclude>
    <ClInclude Include="..\..\source\third_party\gl\glext.h">
      <Filter>Header Files\third_party\gl</Filter>
    </ClInclude>
    <ClInclude Include="..\..\source\void_base\math\vector.h">
      <Filter>Header Files\void_base\math</Filter>
    </ClInclude>
    <ClInclude Include="..\..\source\void_world\level\lesson_2\lesson_2_screen.h">
      <Filter>Header Files\void_world\level\lesson_2</Filter>
    </ClInclude>
  </ItemGroup>
  <ItemGroup>
    <ResourceCompile Include="void-engine.rc" />
  </ItemGroup>
  <ItemGroup>
    <Image Include="..\..\resources\image\ico\void.ico" />
  </ItemGroup>
</Project>